<?xml version="1.0" encoding="utf-8"?>
<Project ToolsVersion="4.0" xmlns="http://schemas.microsoft.com/developer/msbuild/2003">
  <ItemGroup>
    <Filter Include="Source Files">
      <UniqueIdentifier>{52368055-e298-4fd6-ae37-f4d60b91eac4}</UniqueIdentifier>
      <Extensions>cpp;c;cxx;rc;def;r;odl;idl;hpj;bat</Extensions>
    </Filter>
    <Filter Include="Header Files">
      <UniqueIdentifier>{53a4aa9c-f1a7-47d6-a00f-646a3ec1a806}</UniqueIdentifier>
      <Extensions>h;hpp;hxx;hm;inl</Extensions>
    </Filter>
    <Filter Include="Resource Files">
      <UniqueIdentifier>{a0d3ddd2-13e5-46a8-b885-19a90a6aa8d9}</UniqueIdentifier>
      <Extensions>ico;cur;bmp;dlg;rc2;rct;bin;cnt;rtf;gif;jpg;jpeg;jpe</Extensions>
    </Filter>
  </ItemGroup>
  <ItemGroup>
    <ClCompile Include="AbSpan.cpp">
      <Filter>Source Files</Filter>
    </ClCompile>
    <ClCompile Include="cache.cpp">
      <Filter>Source Files</Filter>
    </ClCompile>
    <ClCompile Include="ChildFrm.cpp">
      <Filter>Source Files</Filter>
    </ClCompile>
    <ClCompile Include="cpw.cpp">
      <Filter>Source Files</Filter>
    </ClCompile>
    <ClCompile Include="cpwDb.cpp">
      <Filter>Source Files</Filter>
    </ClCompile>
    <ClCompile Include="cpwDoc.cpp">
      <Filter>Source Files</Filter>
    </ClCompile>
    <ClCompile Include="cpwExt.cpp">
      <Filter>Source Files</Filter>
    </ClCompile>
    <ClCompile Include="cpwPrint.cpp">
      <Filter>Source Files</Filter>
    </ClCompile>
    <ClCompile Include="cpwView.cpp">
      <Filter>Source Files</Filter>
    </ClCompile>
    <ClCompile Include="Dialogs.cpp">
      <Filter>Source Files</Filter>
    </ClCompile>
    <ClCompile Include="DlgAccel.cpp">
      <Filter>Source Files</Filter>
    </ClCompile>
    <ClCompile Include="DlgDebug.cpp">
      <Filter>Source Files</Filter>
    </ClCompile>
    <ClCompile Include="DlgLinea.cpp">
      <Filter>Source Files</Filter>
    </ClCompile>
    <ClCompile Include="DlgOpciones.cpp">
      <Filter>Source Files</Filter>
    </ClCompile>
    <ClCompile Include="Excel.cpp">
      <Filter>Source Files</Filter>
    </ClCompile>
    <ClCompile Include="InsView.cpp">
      <Filter>Source Files</Filter>
    </ClCompile>
    <ClCompile Include="ListViewEx.cpp">
      <Filter>Source Files</Filter>
    </ClCompile>
    <ClCompile Include="MainFrm.cpp">
      <Filter>Source Files</Filter>
    </ClCompile>
    <ClCompile Include="ObArrOrd.cpp">
      <Filter>Source Files</Filter>
    </ClCompile>
    <ClCompile Include="OrdenDlg.cpp">
      <Filter>Source Files</Filter>
    </ClCompile>
    <ClCompile Include="OrdMaq.cpp">
      <Filter>Source Files</Filter>
    </ClCompile>
    <ClCompile Include="prog.cpp">
      <Filter>Source Files</Filter>
    </ClCompile>
    <ClCompile Include="ProgMaq.cpp">
      <Filter>Source Files</Filter>
    </ClCompile>
    <ClCompile Include="SADirRead.cpp">
      <Filter>Source Files</Filter>
    </ClCompile>
    <ClCompile Include="StdAfx.cpp">
      <Filter>Source Files</Filter>
    </ClCompile>
    <ClCompile Include="TextView.cpp">
      <Filter>Source Files</Filter>
    </ClCompile>
    <ClCompile Include="TimeLine.cpp">
      <Filter>Source Files</Filter>
    </ClCompile>
    <ClCompile Include="Turnos.cpp">
      <Filter>Source Files</Filter>
    </ClCompile>
  </ItemGroup>
  <ItemGroup>
    <ResourceCompile Include="cpw.rc">
      <Filter>Source Files</Filter>
    </ResourceCompile>
  </ItemGroup>
  <ItemGroup>
    <ClInclude Include="AbSpan.h">
      <Filter>Header Files</Filter>
    </ClInclude>
    <ClInclude Include="cache.h">
      <Filter>Header Files</Filter>
    </ClInclude>
    <ClInclude Include="ChildFrm.h">
      <Filter>Header Files</Filter>
    </ClInclude>
    <ClInclude Include="cpw.h">
      <Filter>Header Files</Filter>
    </ClInclude>
    <ClInclude Include="cpwDb.h">
      <Filter>Header Files</Filter>
    </ClInclude>
    <ClInclude Include="cpwDefs.h">
      <Filter>Header Files</Filter>
    </ClInclude>
    <ClInclude Include="cpwDoc.h">
      <Filter>Header Files</Filter>
    </ClInclude>
    <ClInclude Include="cpwExt.h">
      <Filter>Header Files</Filter>
    </ClInclude>
    <ClInclude Include="cpwPrint.h">
      <Filter>Header Files</Filter>
    </ClInclude>
    <ClInclude Include="cpwView.h">
      <Filter>Header Files</Filter>
    </ClInclude>
    <ClInclude Include="Dialogs.h">
      <Filter>Header Files</Filter>
    </ClInclude>
    <ClInclude Include="DlgAccel.h">
      <Filter>Header Files</Filter>
    </ClInclude>
    <ClInclude Include="DlgDebug.h">
      <Filter>Header Files</Filter>
    </ClInclude>
    <ClInclude Include="DlgLinea.h">
      <Filter>Header Files</Filter>
    </ClInclude>
    <ClInclude Include="DlgOpciones.h">
      <Filter>Header Files</Filter>
    </ClInclude>
    <ClInclude Include="Excel.h">
      <Filter>Header Files</Filter>
    </ClInclude>
    <ClInclude Include="InsView.h">
      <Filter>Header Files</Filter>
    </ClInclude>
    <ClInclude Include="ListViewEx.h">
      <Filter>Header Files</Filter>
    </ClInclude>
    <ClInclude Include="logfile.h">
      <Filter>Header Files</Filter>
    </ClInclude>
    <ClInclude Include="MainFrm.h">
      <Filter>Header Files</Filter>
    </ClInclude>
    <ClInclude Include="ObArrOrd.h">
      <Filter>Header Files</Filter>
    </ClInclude>
    <ClInclude Include="OrdenDlg.h">
      <Filter>Header Files</Filter>
    </ClInclude>
    <ClInclude Include="OrdMaq.h">
      <Filter>Header Files</Filter>
    </ClInclude>
    <ClInclude Include="prog.h">
      <Filter>Header Files</Filter>
    </ClInclude>
    <ClInclude Include="ProgMaq.h">
      <Filter>Header Files</Filter>
    </ClInclude>
    <ClInclude Include="Resource.h">
      <Filter>Header Files</Filter>
    </ClInclude>
    <ClInclude Include="SADirRead.h">
      <Filter>Header Files</Filter>
    </ClInclude>
    <ClInclude Include="StdAfx.h">
      <Filter>Header Files</Filter>
    </ClInclude>
    <ClInclude Include="TextView.h">
      <Filter>Header Files</Filter>
    </ClInclude>
    <ClInclude Include="TimeLine.h">
      <Filter>Header Files</Filter>
    </ClInclude>
    <ClInclude Include="Turnos.h">
      <Filter>Header Files</Filter>
    </ClInclude>
  </ItemGroup>
  <ItemGroup>
    <Image Include="res\bitmap1.bmp">
      <Filter>Resource Files</Filter>
    </Image>
    <Image Include="res\bmp00001.bmp">
      <Filter>Resource Files</Filter>
    </Image>
    <Image Include="res\cpw.ico">
      <Filter>Resource Files</Filter>
    </Image>
    <Image Include="res\cpwDoc.ico">
      <Filter>Resource Files</Filter>
    </Image>
    <Image Include="res\idr_.bmp">
      <Filter>Resource Files</Filter>
    </Image>
    <Image Include="res\molde_.bmp">
      <Filter>Resource Files</Filter>
    </Image>
    <Image Include="res\molde_ea.bmp">
      <Filter>Resource Files</Filter>
    </Image>
    <Image Include="res\molde_mk.bmp">
      <Filter>Resource Files</Filter>
    </Image>
    <Image Include="res\molde_re.bmp">
      <Filter>Resource Files</Filter>
    </Image>
    <Image Include="res\Toolbar.bmp">
      <Filter>Resource Files</Filter>
    </Image>
    <Image Include="..\molde_cf.bmp">
      <Filter>Resource Files</Filter>
    </Image>
  </ItemGroup>
  <ItemGroup>
    <Text Include="ReadMe.txt" />
  </ItemGroup>
  <ItemGroup>
    <CustomBuild Include="res\2401.cur">
      <Filter>Resource Files</Filter>
    </CustomBuild>
    <CustomBuild Include="res\cpw.rc2">
      <Filter>Resource Files</Filter>
    </CustomBuild>
    <CustomBuild Include="res\cursor1.cur">
      <Filter>Resource Files</Filter>
    </CustomBuild>
    <CustomBuild Include="res\cursor2.cur">
      <Filter>Resource Files</Filter>
    </CustomBuild>
    <CustomBuild Include="res\cursor3.cur">
      <Filter>Resource Files</Filter>
    </CustomBuild>
  </ItemGroup>
</Project>